
Microsoft Visual Studio Solution File, Format Version 12.00
# Visual Studio Version 17
VisualStudioVersion = 17.9.34607.119
MinimumVisualStudioVersion = 10.0.40219.1
Project("{FAE04EC0-301F-11D3-BF4B-00C04F79EFBC}") = "zd7_V5_ChubarkovMatvey.Android", "zd7_V5_ChubarkovMatvey.Android\zd7_V5_ChubarkovMatvey.Android.csproj", "{0D3E8D24-21FA-4EED-9763-C3CE4CE22A43}"
EndProject
Project("{9A19103F-16F7-4668-BE54-9A1E7A4F7556}") = "zd7_V5_ChubarkovMatvey", "zd7_V5_ChubarkovMatvey\zd7_V5_ChubarkovMatvey.csproj", "{10CC4519-F786-42EB-A2AE-6EF6BA1FA393}"
EndProject
Project("{2150E333-8FDC-42A3-9474-1A3956D46DE8}") = "Элементы решения", "Элементы решения", "{1158DF67-37DC-4FE3-AD1B-8F6B150A72F9}"
EndProject
Global
	GlobalSection(SolutionConfigurationPlatforms) = preSolution
		Debug|Any CPU = Debug|Any CPU
		Debug|iPhone = Debug|iPhone
		Debug|iPhoneSimulator = Debug|iPhoneSimulator
		Release|Any CPU = Release|Any CPU
		Release|iPhone = Release|iPhone
		Release|iPhoneSimulator = Release|iPhoneSimulator
	EndGlobalSection
	GlobalSection(ProjectConfigurationPlatforms) = postSolution
		{0D3E8D24-21FA-4EED-9763-C3CE4CE22A43}.Debug|Any CPU.ActiveCfg = Debug|Any CPU
		{0D3E8D24-21FA-4EED-9763-C3CE4CE22A43}.Debug|Any CPU.Build.0 = Debug|Any CPU
		{0D3E8D24-21FA-4EED-9763-C3CE4CE22A43}.Debug|Any CPU.Deploy.0 = Debug|Any CPU
		{0D3E8D24-21FA-4EED-9763-C3CE4CE22A43}.Debug|iPhone.ActiveCfg = Debug|Any CPU
		{0D3E8D24-21FA-4EED-9763-C3CE4CE22A43}.Debug|iPhone.Build.0 = Debug|Any CPU
		{0D3E8D24-21FA-4EED-9763-C3CE4CE22A43}.Debug|iPhone.Deploy.0 = Debug|Any CPU
		{0D3E8D24-21FA-4EED-9763-C3CE4CE22A43}.Debug|iPhoneSimulator.ActiveCfg = Debug|Any CPU
		{0D3E8D24-21FA-4EED-9763-C3CE4CE22A43}.Debug|iPhoneSimulator.Build.0 = Debug|Any CPU
		{0D3E8D24-21FA-4EED-9763-C3CE4CE22A43}.Debug|iPhoneSimulator.Deploy.0 = Debug|Any CPU
		{0D3E8D24-21FA-4EED-9763-C3CE4CE22A43}.Release|Any CPU.ActiveCfg = Release|Any CPU
		{0D3E8D24-21FA-4EED-9763-C3CE4CE22A43}.Release|Any CPU.Build.0 = Release|Any CPU
		{0D3E8D24-21FA-4EED-9763-C3CE4CE22A43}.Release|Any CPU.Deploy.0 = Release|Any CPU
		{0D3E8D24-21FA-4EED-9763-C3CE4CE22A43}.Release|iPhone.ActiveCfg = Release|Any CPU
		{0D3E8D24-21FA-4EED-9763-C3CE4CE22A43}.Release|iPhone.Build.0 = Release|Any CPU
		{0D3E8D24-21FA-4EED-9763-C3CE4CE22A43}.Release|iPhone.Deploy.0 = Release|Any CPU
		{0D3E8D24-21FA-4EED-9763-C3CE4CE22A43}.Release|iPhoneSimulator.ActiveCfg = Release|Any CPU
		{0D3E8D24-21FA-4EED-9763-C3CE4CE22A43}.Release|iPhoneSimulator.Build.0 = Release|Any CPU
		{0D3E8D24-21FA-4EED-9763-C3CE4CE22A43}.Release|iPhoneSimulator.Deploy.0 = Release|Any CPU
		{10CC4519-F786-42EB-A2AE-6EF6BA1FA393}.Debug|Any CPU.ActiveCfg = Debug|Any CPU
		{10CC4519-F786-42EB-A2AE-6EF6BA1FA393}.Debug|Any CPU.Build.0 = Debug|Any CPU
		{10CC4519-F786-42EB-A2AE-6EF6BA1FA393}.Debug|Any CPU.Deploy.0 = Debug|Any CPU
		{10CC4519-F786-42EB-A2AE-6EF6BA1FA393}.Debug|iPhone.ActiveCfg = Debug|Any CPU
		{10CC4519-F786-42EB-A2AE-6EF6BA1FA393}.Debug|iPhone.Build.0 = Debug|Any CPU
		{10CC4519-F786-42EB-A2AE-6EF6BA1FA393}.Debug|iPhone.Deploy.0 = Debug|Any CPU
		{10CC4519-F786-42EB-A2AE-6EF6BA1FA393}.Debug|iPhoneSimulator.ActiveCfg = Debug|Any CPU
		{10CC4519-F786-42EB-A2AE-6EF6BA1FA393}.Debug|iPhoneSimulator.Build.0 = Debug|Any CPU
		{10CC4519-F786-42EB-A2AE-6EF6BA1FA393}.Debug|iPhoneSimulator.Deploy.0 = Debug|Any CPU
		{10CC4519-F786-42EB-A2AE-6EF6BA1FA393}.Release|Any CPU.ActiveCfg = Release|Any CPU
		{10CC4519-F786-42EB-A2AE-6EF6BA1FA393}.Release|Any CPU.Build.0 = Release|Any CPU
		{10CC4519-F786-42EB-A2AE-6EF6BA1FA393}.Release|Any CPU.Deploy.0 = Release|Any CPU
		{10CC4519-F786-42EB-A2AE-6EF6BA1FA393}.Release|iPhone.ActiveCfg = Release|Any CPU
		{10CC4519-F786-42EB-A2AE-6EF6BA1FA393}.Release|iPhone.Build.0 = Release|Any CPU
		{10CC4519-F786-42EB-A2AE-6EF6BA1FA393}.Release|iPhone.Deploy.0 = Release|Any CPU
		{10CC4519-F786-42EB-A2AE-6EF6BA1FA393}.Release|iPhoneSimulator.ActiveCfg = Release|Any CPU
		{10CC4519-F786-42EB-A2AE-6EF6BA1FA393}.Release|iPhoneSimulator.Build.0 = Release|Any CPU
		{10CC4519-F786-42EB-A2AE-6EF6BA1FA393}.Release|iPhoneSimulator.Deploy.0 = Release|Any CPU
	EndGlobalSection
	GlobalSection(SolutionProperties) = preSolution
		HideSolutionNode = FALSE
	EndGlobalSection
	GlobalSection(ExtensibilityGlobals) = postSolution
		SolutionGuid = {C7AA3C2F-1BA7-4DCC-B0B4-27256D66AA3F}
	EndGlobalSection
EndGlobal
